// !$*UTF8*$!
{
	archiveVersion = 1;
	classes = {
	};
	objectVersion = 48;
	objects = {

/* Begin PBXBuildFile section */
		285BC55C1EF038D2003CFDA3 /* AppDelegate.swift in Sources */ = {isa = PBXBuildFile; fileRef = 285BC55B1EF038D2003CFDA3 /* AppDelegate.swift */; };
		285BC5611EF038D2003CFDA3 /* Main.storyboard in Resources */ = {isa = PBXBuildFile; fileRef = 285BC55F1EF038D2003CFDA3 /* Main.storyboard */; };
		285BC5631EF038D2003CFDA3 /* Assets.xcassets in Resources */ = {isa = PBXBuildFile; fileRef = 285BC5621EF038D2003CFDA3 /* Assets.xcassets */; };
		285BC5661EF038D2003CFDA3 /* LaunchScreen.storyboard in Resources */ = {isa = PBXBuildFile; fileRef = 285BC5641EF038D2003CFDA3 /* LaunchScreen.storyboard */; };
		28DC647E1EF0E36C00C67D4E /* ImageViewController.swift in Sources */ = {isa = PBXBuildFile; fileRef = 28DC647D1EF0E36C00C67D4E /* ImageViewController.swift */; };
/* End PBXBuildFile section */

/* Begin PBXFileReference section */
		285BC5581EF038D2003CFDA3 /* DragDropExample.app */ = {isa = PBXFileReference; explicitFileType = wrapper.application; includeInIndex = 0; path = DragDropExample.app; sourceTree = BUILT_PRODUCTS_DIR; };
		285BC55B1EF038D2003CFDA3 /* AppDelegate.swift */ = {isa = PBXFileReference; lastKnownFileType = sourcecode.swift; path = AppDelegate.swift; sourceTree = "<group>"; };
		285BC5601EF038D2003CFDA3 /* Base */ = {isa = PBXFileReference; lastKnownFileType = file.storyboard; name = Base; path = Base.lproj/Main.storyboard; sourceTree = "<group>"; };
		285BC5621EF038D2003CFDA3 /* Assets.xcassets */ = {isa = PBXFileReference; lastKnownFileType = folder.assetcatalog; path = Assets.xcassets; sourceTree = "<group>"; };
		285BC5651EF038D2003CFDA3 /* Base */ = {isa = PBXFileReference; lastKnownFileType = file.storyboard; name = Base; path = Base.lproj/LaunchScreen.storyboard; sourceTree = "<group>"; };
		285BC5671EF038D2003CFDA3 /* Info.plist */ = {isa = PBXFileReference; lastKnownFileType = text.plist.xml; path = Info.plist; sourceTree = "<group>"; };
		28DC647D1EF0E36C00C67D4E /* ImageViewController.swift */ = {isa = PBXFileReference; lastKnownFileType = sourcecode.swift; path = ImageViewController.swift; sourceTree = "<group>"; };
/* End PBXFileReference section */

/* Begin PBXFrameworksBuildPhase section */
		285BC5551EF038D2003CFDA3 /* Frameworks */ = {
			isa = PBXFrameworksBuildPhase;
			buildActionMask = 2147483647;
			files = (
			);
			runOnlyForDeploymentPostprocessing = 0;
		};
/* End PBXFrameworksBuildPhase section */

/* Begin PBXGroup section */
		285BC54F1EF038D2003CFDA3 = {
			isa = PBXGroup;
			children = (
				285BC55A1EF038D2003CFDA3 /* DragDropExample */,
				285BC5591EF038D2003CFDA3 /* Products */,
			);
			sourceTree = "<group>";
		};
		285BC5591EF038D2003CFDA3 /* Products */ = {
			isa = PBXGroup;
			children = (
				285BC5581EF038D2003CFDA3 /* DragDropExample.app */,
			);
			name = Products;
			sourceTree = "<group>";
		};
		285BC55A1EF038D2003CFDA3 /* DragDropExample */ = {
			isa = PBXGroup;
			children = (
				285BC55B1EF038D2003CFDA3 /* AppDelegate.swift */,
				28DC647D1EF0E36C00C67D4E /* ImageViewController.swift */,
				285BC55F1EF038D2003CFDA3 /* Main.storyboard */,
				285BC5621EF038D2003CFDA3 /* Assets.xcassets */,
				285BC5641EF038D2003CFDA3 /* LaunchScreen.storyboard */,
				285BC5671EF038D2003CFDA3 /* Info.plist */,
			);
			path = DragDropExample;
			sourceTree = "<group>";
		};
/* End PBXGroup section */

/* Begin PBXNativeTarget section */
		285BC5571EF038D2003CFDA3 /* DragDropExample */ = {
			isa = PBXNativeTarget;
			buildConfigurationList = 285BC56A1EF038D2003CFDA3 /* Build configuration list for PBXNativeTarget "DragDropExample" */;
			buildPhases = (
				285BC5541EF038D2003CFDA3 /* Sources */,
				285BC5551EF038D2003CFDA3 /* Frameworks */,
				285BC5561EF038D2003CFDA3 /* Resources */,
			);
			buildRules = (
			);
			dependencies = (
			);
			name = DragDropExample;
			productName = DragDropExample;
			productReference = 285BC5581EF038D2003CFDA3 /* DragDropExample.app */;
			productType = "com.apple.product-type.application";
		};
/* End PBXNativeTarget section */

/* Begin PBXProject section */
		285BC5501EF038D2003CFDA3 /* Project object */ = {
			isa = PBXProject;
			attributes = {
				LastSwiftUpdateCheck = 0900;
				LastUpgradeCheck = 0900;
				ORGANIZATIONNAME = "Deloitte Digital";
				TargetAttributes = {
					285BC5571EF038D2003CFDA3 = {
						CreatedOnToolsVersion = 9.0;
					};
				};
			};
			buildConfigurationList = 285BC5531EF038D2003CFDA3 /* Build configuration list for PBXProject "DragDropExample" */;
			compatibilityVersion = "Xcode 8.0";
			developmentRegion = en;
			hasScannedForEncodings = 0;
			knownRegions = (
				en,
				Base,
			);
			mainGroup = 285BC54F1EF038D2003CFDA3;
			productRefGroup = 285BC5591EF038D2003CFDA3 /* Products */;
			projectDirPath = "";
			projectRoot = "";
			targets = (
				285BC5571EF038D2003CFDA3 /* DragDropExample */,
			);
		};
/* End PBXProject section */

/* Begin PBXResourcesBuildPhase section */
		285BC5561EF038D2003CFDA3 /* Resources */ = {
			isa = PBXResourcesBuildPhase;
			buildActionMask = 2147483647;
			files = (
				285BC5661EF038D2003CFDA3 /* LaunchScreen.storyboard in Resources */,
				285BC5631EF038D2003CFDA3 /* Assets.xcassets in Resources */,
				285BC5611EF038D2003CFDA3 /* Main.storyboard in Resources */,
			);
			runOnlyForDeploymentPostprocessing = 0;
		};
/* End PBXResourcesBuildPhase section */

/* Begin PBXSourcesBuildPhase section */
		285BC5541EF038D2003CFDA3 /* Sources */ = {
			isa = PBXSourcesBuildPhase;
			buildActionMask = 2147483647;
			files = (
				28DC647E1EF0E36C00C67D4E /* ImageViewController.swift in Sources */,
				285BC55C1EF038D2003CFDA3 /* AppDelegate.swift in Sources */,
			);
			runOnlyForDeploymentPostprocessing = 0;
		};
/* End PBXSourcesBuildPhase section */

/* Begin PBXVariantGroup section */
		285BC55F1EF038D2003CFDA3 /* Main.storyboard */ = {
			isa = PBXVariantGroup;
			children = (
				285BC5601EF038D2003CFDA3 /* Base */,
			);
			name = Main.storyboard;
			sourceTree = "<group>";
		};
		285BC5641EF038D2003CFDA3 /* LaunchScreen.storyboard */ = {
			isa = PBXVariantGroup;
			children = (
				285BC5651EF038D2003CFDA3 /* Base */,
			);
			name = LaunchScreen.storyboard;
			sourceTree = "<group>";
		};
/* End PBXVariantGroup section */

/* Begin XCBuildConfiguration section */
		285BC5681EF038D2003CFDA3 /* Debug */ = {
			isa = XCBuildConfiguration;
			buildSettings = {
				ALWAYS_SEARCH_USER_PATHS = NO;
				CLANG_ANALYZER_NONNULL = YES;
				CLANG_ANALYZER_NUMBER_OBJECT_CONVERSION = YES_AGGRESSIVE;
				CLANG_CXX_LANGUAGE_STANDARD = "gnu++14";
				CLANG_CXX_LIBRARY = "libc++";
				CLANG_ENABLE_MODULES = YES;
				CLANG_ENABLE_OBJC_ARC = YES;
				CLANG_WARN_BLOCK_CAPTURE_AUTORELEASING = YES;
				CLANG_WARN_BOOL_CONVERSION = YES;
				CLANG_WARN_COMMA = YES;
				CLANG_WARN_CONSTANT_CONVERSION = YES;
				CLANG_WARN_DIRECT_OBJC_ISA_USAGE = YES_ERROR;
				CLANG_WARN_DOCUMENTATION_COMMENTS = YES;
				CLANG_WARN_EMPTY_BODY = YES;
				CLANG_WARN_ENUM_CONVERSION = YES;
				CLANG_WARN_INFINITE_RECURSION = YES;
				CLANG_WARN_INT_CONVERSION = YES;
				CLANG_WARN_OBJC_ROOT_CLASS = YES_ERROR;
				CLANG_WARN_RANGE_LOOP_ANALYSIS = YES;
				CLANG_WARN_STRICT_PROTOTYPES = YES;
				CLANG_WARN_SUSPICIOUS_MOVE = YES;
				CLANG_WARN_UNGUARDED_AVAILABILITY = YES_AGGRESSIVE;
				CLANG_WARN_UNREACHABLE_CODE = YES;
				CLANG_WARN__DUPLICATE_METHOD_MATCH = YES;
				CODE_SIGN_IDENTITY = "iPhone Developer";
				COPY_PHASE_STRIP = NO;
				DEBUG_INFORMATION_FORMAT = dwarf;
				ENABLE_STRICT_OBJC_MSGSEND = YES;
				ENABLE_TESTABILITY = YES;
				GCC_C_LANGUAGE_STANDARD = gnu11;
				GCC_DYNAMIC_NO_PIC = NO;
				GCC_NO_COMMON_BLOCKS = YES;
				GCC_OPTIMIZATION_LEVEL = 0;
				GCC_PREPROCESSOR_DEFINITIONS = (
					"DEBUG=1",
					"$(inherited)",
				);
				GCC_WARN_64_TO_32_BIT_CONVERSION = YES;
				GCC_WARN_ABOUT_RETURN_TYPE = YES_ERROR;
				GCC_WARN_UNDECLARED_SELECTOR = YES;
				GCC_WARN_UNINITIALIZED_AUTOS = YES_AGGRESSIVE;
				GCC_WARN_UNUSED_FUNCTION = YES;
				GCC_WARN_UNUSED_VARIABLE = YES;
				IPHONEOS_DEPLOYMENT_TARGET = 11.0;
				MTL_ENABLE_DEBUG_INFO = YES;
				ONLY_ACTIVE_ARCH = YES;
				SDKROOT = iphoneos;
				SWIFT_ACTIVE_COMPILATION_CONDITIONS = DEBUG;
				SWIFT_OPTIMIZATION_LEVEL = "-Onone";
			};
			name = Debug;
		};
		285BC5691EF038D2003CFDA3 /* Release */ = {
			isa = XCBuildConfiguration;
			buildSettings = {
				ALWAYS_SEARCH_USER_PATHS = NO;
				CLANG_ANALYZER_NONNULL = YES;
				CLANG_ANALYZER_NUMBER_OBJECT_CONVERSION = YES_AGGRESSIVE;
				CLANG_CXX_LANGUAGE_STANDARD = "gnu++14";
				CLANG_CXX_LIBRARY = "libc++";
				CLANG_ENABLE_MODULES = YES;
				CLANG_ENABLE_OBJC_ARC = YES;
				CLANG_WARN_BLOCK_CAPTURE_AUTORELEASING = YES;
				CLANG_WARN_BOOL_CONVERSION = YES;
				CLANG_WARN_COMMA = YES;
				CLANG_WARN_CONSTANT_CONVERSION = YES;
				CLANG_WARN_DIRECT_OBJC_ISA_USAGE = YES_ERROR;
				CLANG_WARN_DOCUMENTATION_COMMENTS = YES;
				CLANG_WARN_EMPTY_BODY = YES;
				CLANG_WARN_ENUM_CONVERSION = YES;
				CLANG_WARN_INFINITE_RECURSION = YES;
				CLANG_WARN_INT_CONVERSION = YES;
				CLANG_WARN_OBJC_ROOT_CLASS = YES_ERROR;
				CLANG_WARN_RANGE_LOOP_ANALYSIS = YES;
				CLANG_WARN_STRICT_PROTOTYPES = YES;
				CLANG_WARN_SUSPICIOUS_MOVE = YES;
				CLANG_WARN_UNGUARDED_AVAILABILITY = YES_AGGRESSIVE;
				CLANG_WARN_UNREACHABLE_CODE = YES;
				CLANG_WARN__DUPLICATE_METHOD_MATCH = YES;
				CODE_SIGN_IDENTITY = "iPhone Developer";
				COPY_PHASE_STRIP = NO;
				DEBUG_INFORMATION_FORMAT = "dwarf-with-dsym";
				ENABLE_NS_ASSERTIONS = NO;
				ENABLE_STRICT_OBJC_MSGSEND = YES;
				GCC_C_LANGUAGE_STANDARD = gnu11;
				GCC_NO_COMMON_BLOCKS = YES;
				GCC_WARN_64_TO_32_BIT_CONVERSION = YES;
				GCC_WARN_ABOUT_RETURN_TYPE = YES_ERROR;
				GCC_WARN_UNDECLARED_SELECTOR = YES;
				GCC_WARN_UNINITIALIZED_AUTOS = YES_AGGRESSIVE;
				GCC_WARN_UNUSED_FUNCTION = YES;
				GCC_WARN_UNUSED_VARIABLE = YES;
				IPHONEOS_DEPLOYMENT_TARGET = 11.0;
				MTL_ENABLE_DEBUG_INFO = NO;
				SDKROOT = iphoneos;
				SWIFT_OPTIMIZATION_LEVEL = "-Owholemodule";
				VALIDATE_PRODUCT = YES;
			};
			name = Release;
		};
		285BC56B1EF038D2003CFDA3 /* Debug */ = {
			isa = XCBuildConfiguration;
			buildSettings = {
				ASSETCATALOG_COMPILER_APPICON_NAME = AppIcon;
				DEVELOPMENT_TEAM = 8Z647N6Y62;
				INFOPLIST_FILE = DragDropExample/Info.plist;
				LD_RUNPATH_SEARCH_PATHS = "$(inherited) @executable_path/Frameworks";
				PRODUCT_BUNDLE_IDENTIFIER = com.swapsDev.DeloitteApps.DragDropExample;
				PRODUCT_NAME = "$(TARGET_NAME)";
				SWIFT_VERSION = 4.0;
				TARGETED_DEVICE_FAMILY = "1,2";
			};
			name = Debug;
		};
		285BC56C1EF038D2003CFDA3 /* Release */ = {
			isa = XCBuildConfiguration;
			buildSettings = {
				ASSETCATALOG_COMPILER_APPICON_NAME = AppIcon;
				DEVELOPMENT_TEAM = 8Z647N6Y62;
				INFOPLIST_FILE = DragDropExample/Info.plist;
				LD_RUNPATH_SEARCH_PATHS = "$(inherited) @executable_path/Frameworks";
				PRODUCT_BUNDLE_IDENTIFIER = com.swapsDev.DeloitteApps.DragDropExample;
				PRODUCT_NAME = "$(TARGET_NAME)";
				SWIFT_VERSION = 4.0;
				TARGETED_DEVICE_FAMILY = "1,2";
			};
			name = Release;
		};
/* End XCBuildConfiguration section */

/* Begin XCConfigurationList section */
		285BC5531EF038D2003CFDA3 /* Build configuration list for PBXProject "DragDropExample" */ = {
			isa = XCConfigurationList;
			buildConfigurations = (
				285BC5681EF038D2003CFDA3 /* Debug */,
				285BC5691EF038D2003CFDA3 /* Release */,
			);
			defaultConfigurationIsVisible = 0;
			defaultConfigurationName = Release;
		};
		285BC56A1EF038D2003CFDA3 /* Build configuration list for PBXNativeTarget "DragDropExample" */ = {
			isa = XCConfigurationList;
			buildConfigurations = (
				285BC56B1EF038D2003CFDA3 /* Debug */,
				285BC56C1EF038D2003CFDA3 /* Release */,
			);
			defaultConfigurationIsVisible = 0;
			defaultConfigurationName = Release;
		};
/* End XCConfigurationList section */
	};
	rootObject = 285BC5501EF038D2003CFDA3 /* Project object */;
}
